
Microsoft Visual Studio Solution File, Format Version 12.00
# Visual Studio Version 17
VisualStudioVersion = 17.1.32421.90
MinimumVisualStudioVersion = 10.0.40219.1
Project("{FAE04EC0-301F-11D3-BF4B-00C04F79EFBC}") = "ATR.Common.Controllers", "ATR.Common.Controllers\ATR.Common.Controllers.csproj", "{2395ECA1-4671-4A71-BBD5-3BB017AC6A41}"
EndProject
Project("{FAE04EC0-301F-11D3-BF4B-00C04F79EFBC}") = "ATR.Common.Enumerations", "ATR.Common.Enumerations\ATR.Common.Enumerations.csproj", "{4BA051D5-E64C-4FFC-BC12-F361B82BD135}"
EndProject
Project("{FAE04EC0-301F-11D3-BF4B-00C04F79EFBC}") = "ATR.Common.Extensions", "ATR.Common.Extensions\ATR.Common.Extensions.csproj", "{DA67FCD6-9F84-4455-A577-0ECC35FFD70E}"
EndProject
Project("{FAE04EC0-301F-11D3-BF4B-00C04F79EFBC}") = "ATR.Common.Helpers", "ATR.Common.Helpers\ATR.Common.Helpers.csproj", "{E1D17E0B-8F93-4A71-BB6B-CB243A9FA47A}"
EndProject
Project("{FAE04EC0-301F-11D3-BF4B-00C04F79EFBC}") = "ATR.Common.Logging", "ATR.Common.Logging\ATR.Common.Logging.csproj", "{E1B986C0-CB44-4544-8444-CD79B69A25B9}"
EndProject
Project("{FAE04EC0-301F-11D3-BF4B-00C04F79EFBC}") = "ATR.Common.Models", "ATR.Common.Models\ATR.Common.Models.csproj", "{209B87D7-C223-48BD-BDC2-09BBF7C3BC28}"
EndProject
Project("{FAE04EC0-301F-11D3-BF4B-00C04F79EFBC}") = "ATR.Common.Resources", "ATR.Common.Ressources\ATR.Common.Resources.csproj", "{31E472D7-C7DC-410D-B989-218C1D88ECEF}"
EndProject
Project("{D954291E-2A0B-460D-934E-DC6B0785DB48}") = "ATR.Common.Views", "ATR.Common.Views\ATR.Common.Views.shproj", "{DF06133A-68D0-417D-9804-17AAFFBED0A9}"
EndProject
Global
	GlobalSection(SharedMSBuildProjectFiles) = preSolution
		ATR.Common.Views\ATR.Common.Views.projitems*{df06133a-68d0-417d-9804-17aaffbed0a9}*SharedItemsImports = 13
	EndGlobalSection
	GlobalSection(SolutionConfigurationPlatforms) = preSolution
		ATR.DEV.SAML|Any CPU = ATR.DEV.SAML|Any CPU
		ATR.DEV|Any CPU = ATR.DEV|Any CPU
		ATR.INT.SAML|Any CPU = ATR.INT.SAML|Any CPU
		ATR.INT|Any CPU = ATR.INT|Any CPU
		ATR.PROD.SAML|Any CPU = ATR.PROD.SAML|Any CPU
		ATR.PROD|Any CPU = ATR.PROD|Any CPU
		ATR|Any CPU = ATR|Any CPU
		Debug|Any CPU = Debug|Any CPU
		Release|Any CPU = Release|Any CPU
		SSG.SAML|Any CPU = SSG.SAML|Any CPU
		SSG|Any CPU = SSG|Any CPU
	EndGlobalSection
	GlobalSection(ProjectConfigurationPlatforms) = postSolution
		{2395ECA1-4671-4A71-BBD5-3BB017AC6A41}.ATR.DEV.SAML|Any CPU.ActiveCfg = ATR.DEV.SAML|Any CPU
		{2395ECA1-4671-4A71-BBD5-3BB017AC6A41}.ATR.DEV.SAML|Any CPU.Build.0 = ATR.DEV.SAML|Any CPU
		{2395ECA1-4671-4A71-BBD5-3BB017AC6A41}.ATR.DEV|Any CPU.ActiveCfg = ATR.DEV|Any CPU
		{2395ECA1-4671-4A71-BBD5-3BB017AC6A41}.ATR.DEV|Any CPU.Build.0 = ATR.DEV|Any CPU
		{2395ECA1-4671-4A71-BBD5-3BB017AC6A41}.ATR.INT.SAML|Any CPU.ActiveCfg = ATR.INT.SAML|Any CPU
		{2395ECA1-4671-4A71-BBD5-3BB017AC6A41}.ATR.INT.SAML|Any CPU.Build.0 = ATR.INT.SAML|Any CPU
		{2395ECA1-4671-4A71-BBD5-3BB017AC6A41}.ATR.INT|Any CPU.ActiveCfg = ATR.INT|Any CPU
		{2395ECA1-4671-4A71-BBD5-3BB017AC6A41}.ATR.INT|Any CPU.Build.0 = ATR.INT|Any CPU
		{2395ECA1-4671-4A71-BBD5-3BB017AC6A41}.ATR.PROD.SAML|Any CPU.ActiveCfg = ATR.PROD.SAML|Any CPU
		{2395ECA1-4671-4A71-BBD5-3BB017AC6A41}.ATR.PROD.SAML|Any CPU.Build.0 = ATR.PROD.SAML|Any CPU
		{2395ECA1-4671-4A71-BBD5-3BB017AC6A41}.ATR.PROD|Any CPU.ActiveCfg = ATR.PROD|Any CPU
		{2395ECA1-4671-4A71-BBD5-3BB017AC6A41}.ATR.PROD|Any CPU.Build.0 = ATR.PROD|Any CPU
		{2395ECA1-4671-4A71-BBD5-3BB017AC6A41}.ATR|Any CPU.ActiveCfg = ATR|Any CPU
		{2395ECA1-4671-4A71-BBD5-3BB017AC6A41}.ATR|Any CPU.Build.0 = ATR|Any CPU
		{2395ECA1-4671-4A71-BBD5-3BB017AC6A41}.Debug|Any CPU.ActiveCfg = Debug|Any CPU
		{2395ECA1-4671-4A71-BBD5-3BB017AC6A41}.Debug|Any CPU.Build.0 = Debug|Any CPU
		{2395ECA1-4671-4A71-BBD5-3BB017AC6A41}.Release|Any CPU.ActiveCfg = Release|Any CPU
		{2395ECA1-4671-4A71-BBD5-3BB017AC6A41}.Release|Any CPU.Build.0 = Release|Any CPU
		{2395ECA1-4671-4A71-BBD5-3BB017AC6A41}.SSG.SAML|Any CPU.ActiveCfg = SSG.SAML|Any CPU
		{2395ECA1-4671-4A71-BBD5-3BB017AC6A41}.SSG.SAML|Any CPU.Build.0 = SSG.SAML|Any CPU
		{2395ECA1-4671-4A71-BBD5-3BB017AC6A41}.SSG|Any CPU.ActiveCfg = SSG|Any CPU
		{2395ECA1-4671-4A71-BBD5-3BB017AC6A41}.SSG|Any CPU.Build.0 = SSG|Any CPU
		{4BA051D5-E64C-4FFC-BC12-F361B82BD135}.ATR.DEV.SAML|Any CPU.ActiveCfg = ATR.DEV.SAML|Any CPU
		{4BA051D5-E64C-4FFC-BC12-F361B82BD135}.ATR.DEV.SAML|Any CPU.Build.0 = ATR.DEV.SAML|Any CPU
		{4BA051D5-E64C-4FFC-BC12-F361B82BD135}.ATR.DEV|Any CPU.ActiveCfg = ATR.DEV|Any CPU
		{4BA051D5-E64C-4FFC-BC12-F361B82BD135}.ATR.DEV|Any CPU.Build.0 = ATR.DEV|Any CPU
		{4BA051D5-E64C-4FFC-BC12-F361B82BD135}.ATR.INT.SAML|Any CPU.ActiveCfg = ATR.INT.SAML|Any CPU
		{4BA051D5-E64C-4FFC-BC12-F361B82BD135}.ATR.INT.SAML|Any CPU.Build.0 = ATR.INT.SAML|Any CPU
		{4BA051D5-E64C-4FFC-BC12-F361B82BD135}.ATR.INT|Any CPU.ActiveCfg = ATR.INT|Any CPU
		{4BA051D5-E64C-4FFC-BC12-F361B82BD135}.ATR.INT|Any CPU.Build.0 = ATR.INT|Any CPU
		{4BA051D5-E64C-4FFC-BC12-F361B82BD135}.ATR.PROD.SAML|Any CPU.ActiveCfg = ATR.PROD.SAML|Any CPU
		{4BA051D5-E64C-4FFC-BC12-F361B82BD135}.ATR.PROD.SAML|Any CPU.Build.0 = ATR.PROD.SAML|Any CPU
		{4BA051D5-E64C-4FFC-BC12-F361B82BD135}.ATR.PROD|Any CPU.ActiveCfg = ATR.PROD|Any CPU
		{4BA051D5-E64C-4FFC-BC12-F361B82BD135}.ATR.PROD|Any CPU.Build.0 = ATR.PROD|Any CPU
		{4BA051D5-E64C-4FFC-BC12-F361B82BD135}.ATR|Any CPU.ActiveCfg = ATR|Any CPU
		{4BA051D5-E64C-4FFC-BC12-F361B82BD135}.ATR|Any CPU.Build.0 = ATR|Any CPU
		{4BA051D5-E64C-4FFC-BC12-F361B82BD135}.Debug|Any CPU.ActiveCfg = Debug|Any CPU
		{4BA051D5-E64C-4FFC-BC12-F361B82BD135}.Debug|Any CPU.Build.0 = Debug|Any CPU
		{4BA051D5-E64C-4FFC-BC12-F361B82BD135}.Release|Any CPU.ActiveCfg = Release|Any CPU
		{4BA051D5-E64C-4FFC-BC12-F361B82BD135}.Release|Any CPU.Build.0 = Release|Any CPU
		{4BA051D5-E64C-4FFC-BC12-F361B82BD135}.SSG.SAML|Any CPU.ActiveCfg = SSG.SAML|Any CPU
		{4BA051D5-E64C-4FFC-BC12-F361B82BD135}.SSG.SAML|Any CPU.Build.0 = SSG.SAML|Any CPU
		{4BA051D5-E64C-4FFC-BC12-F361B82BD135}.SSG|Any CPU.ActiveCfg = SSG|Any CPU
		{4BA051D5-E64C-4FFC-BC12-F361B82BD135}.SSG|Any CPU.Build.0 = SSG|Any CPU
		{DA67FCD6-9F84-4455-A577-0ECC35FFD70E}.ATR.DEV.SAML|Any CPU.ActiveCfg = ATR.DEV.SAML|Any CPU
		{DA67FCD6-9F84-4455-A577-0ECC35FFD70E}.ATR.DEV.SAML|Any CPU.Build.0 = ATR.DEV.SAML|Any CPU
		{DA67FCD6-9F84-4455-A577-0ECC35FFD70E}.ATR.DEV|Any CPU.ActiveCfg = ATR.DEV|Any CPU
		{DA67FCD6-9F84-4455-A577-0ECC35FFD70E}.ATR.DEV|Any CPU.Build.0 = ATR.DEV|Any CPU
		{DA67FCD6-9F84-4455-A577-0ECC35FFD70E}.ATR.INT.SAML|Any CPU.ActiveCfg = ATR.INT.SAML|Any CPU
		{DA67FCD6-9F84-4455-A577-0ECC35FFD70E}.ATR.INT.SAML|Any CPU.Build.0 = ATR.INT.SAML|Any CPU
		{DA67FCD6-9F84-4455-A577-0ECC35FFD70E}.ATR.INT|Any CPU.ActiveCfg = ATR.INT|Any CPU
		{DA67FCD6-9F84-4455-A577-0ECC35FFD70E}.ATR.INT|Any CPU.Build.0 = ATR.INT|Any CPU
		{DA67FCD6-9F84-4455-A577-0ECC35FFD70E}.ATR.PROD.SAML|Any CPU.ActiveCfg = ATR.PROD.SAML|Any CPU
		{DA67FCD6-9F84-4455-A577-0ECC35FFD70E}.ATR.PROD.SAML|Any CPU.Build.0 = ATR.PROD.SAML|Any CPU
		{DA67FCD6-9F84-4455-A577-0ECC35FFD70E}.ATR.PROD|Any CPU.ActiveCfg = ATR.PROD|Any CPU
		{DA67FCD6-9F84-4455-A577-0ECC35FFD70E}.ATR.PROD|Any CPU.Build.0 = ATR.PROD|Any CPU
		{DA67FCD6-9F84-4455-A577-0ECC35FFD70E}.ATR|Any CPU.ActiveCfg = ATR|Any CPU
		{DA67FCD6-9F84-4455-A577-0ECC35FFD70E}.ATR|Any CPU.Build.0 = ATR|Any CPU
		{DA67FCD6-9F84-4455-A577-0ECC35FFD70E}.Debug|Any CPU.ActiveCfg = Debug|Any CPU
		{DA67FCD6-9F84-4455-A577-0ECC35FFD70E}.Debug|Any CPU.Build.0 = Debug|Any CPU
		{DA67FCD6-9F84-4455-A577-0ECC35FFD70E}.Release|Any CPU.ActiveCfg = Release|Any CPU
		{DA67FCD6-9F84-4455-A577-0ECC35FFD70E}.Release|Any CPU.Build.0 = Release|Any CPU
		{DA67FCD6-9F84-4455-A577-0ECC35FFD70E}.SSG.SAML|Any CPU.ActiveCfg = SSG.SAML|Any CPU
		{DA67FCD6-9F84-4455-A577-0ECC35FFD70E}.SSG.SAML|Any CPU.Build.0 = SSG.SAML|Any CPU
		{DA67FCD6-9F84-4455-A577-0ECC35FFD70E}.SSG|Any CPU.ActiveCfg = SSG|Any CPU
		{DA67FCD6-9F84-4455-A577-0ECC35FFD70E}.SSG|Any CPU.Build.0 = SSG|Any CPU
		{E1D17E0B-8F93-4A71-BB6B-CB243A9FA47A}.ATR.DEV.SAML|Any CPU.ActiveCfg = ATR.DEV.SAML|Any CPU
		{E1D17E0B-8F93-4A71-BB6B-CB243A9FA47A}.ATR.DEV.SAML|Any CPU.Build.0 = ATR.DEV.SAML|Any CPU
		{E1D17E0B-8F93-4A71-BB6B-CB243A9FA47A}.ATR.DEV|Any CPU.ActiveCfg = ATR.DEV|Any CPU
		{E1D17E0B-8F93-4A71-BB6B-CB243A9FA47A}.ATR.DEV|Any CPU.Build.0 = ATR.DEV|Any CPU
		{E1D17E0B-8F93-4A71-BB6B-CB243A9FA47A}.ATR.INT.SAML|Any CPU.ActiveCfg = ATR.INT.SAML|Any CPU
		{E1D17E0B-8F93-4A71-BB6B-CB243A9FA47A}.ATR.INT.SAML|Any CPU.Build.0 = ATR.INT.SAML|Any CPU
		{E1D17E0B-8F93-4A71-BB6B-CB243A9FA47A}.ATR.INT|Any CPU.ActiveCfg = ATR.INT|Any CPU
		{E1D17E0B-8F93-4A71-BB6B-CB243A9FA47A}.ATR.INT|Any CPU.Build.0 = ATR.INT|Any CPU
		{E1D17E0B-8F93-4A71-BB6B-CB243A9FA47A}.ATR.PROD.SAML|Any CPU.ActiveCfg = ATR.PROD.SAML|Any CPU
		{E1D17E0B-8F93-4A71-BB6B-CB243A9FA47A}.ATR.PROD.SAML|Any CPU.Build.0 = ATR.PROD.SAML|Any CPU
		{E1D17E0B-8F93-4A71-BB6B-CB243A9FA47A}.ATR.PROD|Any CPU.ActiveCfg = ATR.PROD|Any CPU
		{E1D17E0B-8F93-4A71-BB6B-CB243A9FA47A}.ATR.PROD|Any CPU.Build.0 = ATR.PROD|Any CPU
		{E1D17E0B-8F93-4A71-BB6B-CB243A9FA47A}.ATR|Any CPU.ActiveCfg = ATR|Any CPU
		{E1D17E0B-8F93-4A71-BB6B-CB243A9FA47A}.ATR|Any CPU.Build.0 = ATR|Any CPU
		{E1D17E0B-8F93-4A71-BB6B-CB243A9FA47A}.Debug|Any CPU.ActiveCfg = Debug|Any CPU
		{E1D17E0B-8F93-4A71-BB6B-CB243A9FA47A}.Debug|Any CPU.Build.0 = Debug|Any CPU
		{E1D17E0B-8F93-4A71-BB6B-CB243A9FA47A}.Release|Any CPU.ActiveCfg = Release|Any CPU
		{E1D17E0B-8F93-4A71-BB6B-CB243A9FA47A}.Release|Any CPU.Build.0 = Release|Any CPU
		{E1D17E0B-8F93-4A71-BB6B-CB243A9FA47A}.SSG.SAML|Any CPU.ActiveCfg = SSG.SAML|Any CPU
		{E1D17E0B-8F93-4A71-BB6B-CB243A9FA47A}.SSG.SAML|Any CPU.Build.0 = SSG.SAML|Any CPU
		{E1D17E0B-8F93-4A71-BB6B-CB243A9FA47A}.SSG|Any CPU.ActiveCfg = SSG|Any CPU
		{E1D17E0B-8F93-4A71-BB6B-CB243A9FA47A}.SSG|Any CPU.Build.0 = SSG|Any CPU
		{E1B986C0-CB44-4544-8444-CD79B69A25B9}.ATR.DEV.SAML|Any CPU.ActiveCfg = ATR.DEV.SAML|Any CPU
		{E1B986C0-CB44-4544-8444-CD79B69A25B9}.ATR.DEV.SAML|Any CPU.Build.0 = ATR.DEV.SAML|Any CPU
		{E1B986C0-CB44-4544-8444-CD79B69A25B9}.ATR.DEV|Any CPU.ActiveCfg = ATR.DEV|Any CPU
		{E1B986C0-CB44-4544-8444-CD79B69A25B9}.ATR.DEV|Any CPU.Build.0 = ATR.DEV|Any CPU
		{E1B986C0-CB44-4544-8444-CD79B69A25B9}.ATR.INT.SAML|Any CPU.ActiveCfg = ATR.INT.SAML|Any CPU
		{E1B986C0-CB44-4544-8444-CD79B69A25B9}.ATR.INT.SAML|Any CPU.Build.0 = ATR.INT.SAML|Any CPU
		{E1B986C0-CB44-4544-8444-CD79B69A25B9}.ATR.INT|Any CPU.ActiveCfg = ATR.INT|Any CPU
		{E1B986C0-CB44-4544-8444-CD79B69A25B9}.ATR.INT|Any CPU.Build.0 = ATR.INT|Any CPU
		{E1B986C0-CB44-4544-8444-CD79B69A25B9}.ATR.PROD.SAML|Any CPU.ActiveCfg = ATR.PROD.SAML|Any CPU
		{E1B986C0-CB44-4544-8444-CD79B69A25B9}.ATR.PROD.SAML|Any CPU.Build.0 = ATR.PROD.SAML|Any CPU
		{E1B986C0-CB44-4544-8444-CD79B69A25B9}.ATR.PROD|Any CPU.ActiveCfg = ATR.PROD|Any CPU
		{E1B986C0-CB44-4544-8444-CD79B69A25B9}.ATR.PROD|Any CPU.Build.0 = ATR.PROD|Any CPU
		{E1B986C0-CB44-4544-8444-CD79B69A25B9}.ATR|Any CPU.ActiveCfg = ATR|Any CPU
		{E1B986C0-CB44-4544-8444-CD79B69A25B9}.ATR|Any CPU.Build.0 = ATR|Any CPU
		{E1B986C0-CB44-4544-8444-CD79B69A25B9}.Debug|Any CPU.ActiveCfg = Debug|Any CPU
		{E1B986C0-CB44-4544-8444-CD79B69A25B9}.Debug|Any CPU.Build.0 = Debug|Any CPU
		{E1B986C0-CB44-4544-8444-CD79B69A25B9}.Release|Any CPU.ActiveCfg = Release|Any CPU
		{E1B986C0-CB44-4544-8444-CD79B69A25B9}.Release|Any CPU.Build.0 = Release|Any CPU
		{E1B986C0-CB44-4544-8444-CD79B69A25B9}.SSG.SAML|Any CPU.ActiveCfg = SSG.SAML|Any CPU
		{E1B986C0-CB44-4544-8444-CD79B69A25B9}.SSG.SAML|Any CPU.Build.0 = SSG.SAML|Any CPU
		{E1B986C0-CB44-4544-8444-CD79B69A25B9}.SSG|Any CPU.ActiveCfg = SSG|Any CPU
		{E1B986C0-CB44-4544-8444-CD79B69A25B9}.SSG|Any CPU.Build.0 = SSG|Any CPU
		{209B87D7-C223-48BD-BDC2-09BBF7C3BC28}.ATR.DEV.SAML|Any CPU.ActiveCfg = ATR.DEV.SAML|Any CPU
		{209B87D7-C223-48BD-BDC2-09BBF7C3BC28}.ATR.DEV.SAML|Any CPU.Build.0 = ATR.DEV.SAML|Any CPU
		{209B87D7-C223-48BD-BDC2-09BBF7C3BC28}.ATR.DEV|Any CPU.ActiveCfg = ATR.DEV|Any CPU
		{209B87D7-C223-48BD-BDC2-09BBF7C3BC28}.ATR.DEV|Any CPU.Build.0 = ATR.DEV|Any CPU
		{209B87D7-C223-48BD-BDC2-09BBF7C3BC28}.ATR.INT.SAML|Any CPU.ActiveCfg = ATR.INT.SAML|Any CPU
		{209B87D7-C223-48BD-BDC2-09BBF7C3BC28}.ATR.INT.SAML|Any CPU.Build.0 = ATR.INT.SAML|Any CPU
		{209B87D7-C223-48BD-BDC2-09BBF7C3BC28}.ATR.INT|Any CPU.ActiveCfg = ATR.INT|Any CPU
		{209B87D7-C223-48BD-BDC2-09BBF7C3BC28}.ATR.INT|Any CPU.Build.0 = ATR.INT|Any CPU
		{209B87D7-C223-48BD-BDC2-09BBF7C3BC28}.ATR.PROD.SAML|Any CPU.ActiveCfg = ATR.PROD.SAML|Any CPU
		{209B87D7-C223-48BD-BDC2-09BBF7C3BC28}.ATR.PROD.SAML|Any CPU.Build.0 = ATR.PROD.SAML|Any CPU
		{209B87D7-C223-48BD-BDC2-09BBF7C3BC28}.ATR.PROD|Any CPU.ActiveCfg = ATR.PROD|Any CPU
		{209B87D7-C223-48BD-BDC2-09BBF7C3BC28}.ATR.PROD|Any CPU.Build.0 = ATR.PROD|Any CPU
		{209B87D7-C223-48BD-BDC2-09BBF7C3BC28}.ATR|Any CPU.ActiveCfg = ATR|Any CPU
		{209B87D7-C223-48BD-BDC2-09BBF7C3BC28}.ATR|Any CPU.Build.0 = ATR|Any CPU
		{209B87D7-C223-48BD-BDC2-09BBF7C3BC28}.Debug|Any CPU.ActiveCfg = Debug|Any CPU
		{209B87D7-C223-48BD-BDC2-09BBF7C3BC28}.Debug|Any CPU.Build.0 = Debug|Any CPU
		{209B87D7-C223-48BD-BDC2-09BBF7C3BC28}.Release|Any CPU.ActiveCfg = Release|Any CPU
		{209B87D7-C223-48BD-BDC2-09BBF7C3BC28}.Release|Any CPU.Build.0 = Release|Any CPU
		{209B87D7-C223-48BD-BDC2-09BBF7C3BC28}.SSG.SAML|Any CPU.ActiveCfg = SSG.SAML|Any CPU
		{209B87D7-C223-48BD-BDC2-09BBF7C3BC28}.SSG.SAML|Any CPU.Build.0 = SSG.SAML|Any CPU
		{209B87D7-C223-48BD-BDC2-09BBF7C3BC28}.SSG|Any CPU.ActiveCfg = SSG|Any CPU
		{209B87D7-C223-48BD-BDC2-09BBF7C3BC28}.SSG|Any CPU.Build.0 = SSG|Any CPU
		{31E472D7-C7DC-410D-B989-218C1D88ECEF}.ATR.DEV.SAML|Any CPU.ActiveCfg = ATR.DEV.SAML|Any CPU
		{31E472D7-C7DC-410D-B989-218C1D88ECEF}.ATR.DEV.SAML|Any CPU.Build.0 = ATR.DEV.SAML|Any CPU
		{31E472D7-C7DC-410D-B989-218C1D88ECEF}.ATR.DEV|Any CPU.ActiveCfg = ATR.DEV|Any CPU
		{31E472D7-C7DC-410D-B989-218C1D88ECEF}.ATR.DEV|Any CPU.Build.0 = ATR.DEV|Any CPU
		{31E472D7-C7DC-410D-B989-218C1D88ECEF}.ATR.INT.SAML|Any CPU.ActiveCfg = ATR.INT.SAML|Any CPU
		{31E472D7-C7DC-410D-B989-218C1D88ECEF}.ATR.INT.SAML|Any CPU.Build.0 = ATR.INT.SAML|Any CPU
		{31E472D7-C7DC-410D-B989-218C1D88ECEF}.ATR.INT|Any CPU.ActiveCfg = ATR.INT|Any CPU
		{31E472D7-C7DC-410D-B989-218C1D88ECEF}.ATR.INT|Any CPU.Build.0 = ATR.INT|Any CPU
		{31E472D7-C7DC-410D-B989-218C1D88ECEF}.ATR.PROD.SAML|Any CPU.ActiveCfg = ATR.PROD.SAML|Any CPU
		{31E472D7-C7DC-410D-B989-218C1D88ECEF}.ATR.PROD.SAML|Any CPU.Build.0 = ATR.PROD.SAML|Any CPU
		{31E472D7-C7DC-410D-B989-218C1D88ECEF}.ATR.PROD|Any CPU.ActiveCfg = ATR.PROD|Any CPU
		{31E472D7-C7DC-410D-B989-218C1D88ECEF}.ATR.PROD|Any CPU.Build.0 = ATR.PROD|Any CPU
		{31E472D7-C7DC-410D-B989-218C1D88ECEF}.ATR|Any CPU.ActiveCfg = ATR|Any CPU
		{31E472D7-C7DC-410D-B989-218C1D88ECEF}.ATR|Any CPU.Build.0 = ATR|Any CPU
		{31E472D7-C7DC-410D-B989-218C1D88ECEF}.Debug|Any CPU.ActiveCfg = Debug|Any CPU
		{31E472D7-C7DC-410D-B989-218C1D88ECEF}.Debug|Any CPU.Build.0 = Debug|Any CPU
		{31E472D7-C7DC-410D-B989-218C1D88ECEF}.Release|Any CPU.ActiveCfg = Release|Any CPU
		{31E472D7-C7DC-410D-B989-218C1D88ECEF}.Release|Any CPU.Build.0 = Release|Any CPU
		{31E472D7-C7DC-410D-B989-218C1D88ECEF}.SSG.SAML|Any CPU.ActiveCfg = SSG.SAML|Any CPU
		{31E472D7-C7DC-410D-B989-218C1D88ECEF}.SSG.SAML|Any CPU.Build.0 = SSG.SAML|Any CPU
		{31E472D7-C7DC-410D-B989-218C1D88ECEF}.SSG|Any CPU.ActiveCfg = SSG|Any CPU
		{31E472D7-C7DC-410D-B989-218C1D88ECEF}.SSG|Any CPU.Build.0 = SSG|Any CPU
	EndGlobalSection
	GlobalSection(SolutionProperties) = preSolution
		HideSolutionNode = FALSE
	EndGlobalSection
	GlobalSection(ExtensibilityGlobals) = postSolution
		SolutionGuid = {9420E156-0EAF-4473-A2EE-82BCACDB9163}
	EndGlobalSection
EndGlobal
